
Microsoft Visual Studio Solution File, Format Version 12.00
# Visual Studio Version 16
VisualStudioVersion = 16.0.30611.23
MinimumVisualStudioVersion = 10.0.40219.1
Project("{FAE04EC0-301F-11D3-BF4B-00C04F79EFBC}") = "NajduziPutSucelje", "NajduziPutSucelje.csproj", "{E26F231C-47C5-4655-A1C1-C6731309B8D3}"
EndProject
Global
	GlobalSection(SolutionConfigurationPlatforms) = preSolution
		Debug|Any CPU = Debug|Any CPU
		Release|Any CPU = Release|Any CPU
	EndGlobalSection
	GlobalSection(ProjectConfigurationPlatforms) = postSolution
		{E26F231C-47C5-4655-A1C1-C6731309B8D3}.Debug|Any CPU.ActiveCfg = Debug|Any CPU
		{E26F231C-47C5-4655-A1C1-C6731309B8D3}.Debug|Any CPU.Build.0 = Debug|Any CPU
		{E26F231C-47C5-4655-A1C1-C6731309B8D3}.Release|Any CPU.ActiveCfg = Release|Any CPU
		{E26F231C-47C5-4655-A1C1-C6731309B8D3}.Release|Any CPU.Build.0 = Release|Any CPU
	EndGlobalSection
	GlobalSection(SolutionProperties) = preSolution
		HideSolutionNode = FALSE
	EndGlobalSection
	GlobalSection(ExtensibilityGlobals) = postSolution
		SolutionGuid = {359D4276-F428-4353-A253-1E66188D71B2}
	EndGlobalSection
EndGlobal
